// !$*UTF8*$!
{
	archiveVersion = 1;
	classes = {
	};
	objectVersion = 46;
	objects = {

/* Begin PBXBuildFile section */
		256AC3DA0F4B6AC300CF3369 /* LetsMoveAppDelegate.m in Sources */ = {isa = PBXBuildFile; fileRef = 256AC3D90F4B6AC300CF3369 /* LetsMoveAppDelegate.m */; };
		6317AB1E1068842E000355D9 /* Security.framework in Frameworks */ = {isa = PBXBuildFile; fileRef = 6317AB1D1068842E000355D9 /* Security.framework */; };
		8D11072D0486CEB800E47090 /* main.m in Sources */ = {isa = PBXBuildFile; fileRef = 29B97316FDCFA39411CA2CEA /* main.m */; settings = {ATTRIBUTES = (); }; };
		8D11072F0486CEB800E47090 /* Cocoa.framework in Frameworks */ = {isa = PBXBuildFile; fileRef = 1058C7A1FEA54F0111CA2CBB /* Cocoa.framework */; };
		A120E7F810630B160045BE3F /* PFMoveApplication.m in Sources */ = {isa = PBXBuildFile; fileRef = A120E7F710630B160045BE3F /* PFMoveApplication.m */; };
		A1339025192F8183009ABCE2 /* LetsMove-Info.plist in Resources */ = {isa = PBXBuildFile; fileRef = 8D1107310486CEB800E47090 /* LetsMove-Info.plist */; };
		A17CADEB192F7E14008A209F /* InfoPlist.strings in Resources */ = {isa = PBXBuildFile; fileRef = A17CADE5192F7E14008A209F /* InfoPlist.strings */; };
		A17CADEC192F7E14008A209F /* MainMenu.xib in Resources */ = {isa = PBXBuildFile; fileRef = A17CADE7192F7E14008A209F /* MainMenu.xib */; };
		A17CADED192F7E14008A209F /* MoveApplication.strings in Resources */ = {isa = PBXBuildFile; fileRef = A17CADE9192F7E14008A209F /* MoveApplication.strings */; };
/* End PBXBuildFile section */

/* Begin PBXFileReference section */
		1058C7A1FEA54F0111CA2CBB /* Cocoa.framework */ = {isa = PBXFileReference; lastKnownFileType = wrapper.framework; name = Cocoa.framework; path = /System/Library/Frameworks/Cocoa.framework; sourceTree = "<absolute>"; };
		13E42FB307B3F0F600E4EEF1 /* CoreData.framework */ = {isa = PBXFileReference; lastKnownFileType = wrapper.framework; name = CoreData.framework; path = /System/Library/Frameworks/CoreData.framework; sourceTree = "<absolute>"; };
		256AC3D80F4B6AC300CF3369 /* LetsMoveAppDelegate.h */ = {isa = PBXFileReference; fileEncoding = 4; lastKnownFileType = sourcecode.c.h; path = LetsMoveAppDelegate.h; sourceTree = "<group>"; };
		256AC3D90F4B6AC300CF3369 /* LetsMoveAppDelegate.m */ = {isa = PBXFileReference; fileEncoding = 4; lastKnownFileType = sourcecode.c.objc; path = LetsMoveAppDelegate.m; sourceTree = "<group>"; };
		256AC3F00F4B6AF500CF3369 /* LetsMove_Prefix.pch */ = {isa = PBXFileReference; fileEncoding = 4; lastKnownFileType = sourcecode.c.h; path = LetsMove_Prefix.pch; sourceTree = "<group>"; };
		29B97316FDCFA39411CA2CEA /* main.m */ = {isa = PBXFileReference; fileEncoding = 4; lastKnownFileType = sourcecode.c.objc; path = main.m; sourceTree = "<group>"; };
		29B97324FDCFA39411CA2CEA /* AppKit.framework */ = {isa = PBXFileReference; lastKnownFileType = wrapper.framework; name = AppKit.framework; path = /System/Library/Frameworks/AppKit.framework; sourceTree = "<absolute>"; };
		29B97325FDCFA39411CA2CEA /* Foundation.framework */ = {isa = PBXFileReference; lastKnownFileType = wrapper.framework; name = Foundation.framework; path = /System/Library/Frameworks/Foundation.framework; sourceTree = "<absolute>"; };
		6317AB1D1068842E000355D9 /* Security.framework */ = {isa = PBXFileReference; lastKnownFileType = wrapper.framework; name = Security.framework; path = /System/Library/Frameworks/Security.framework; sourceTree = "<absolute>"; };
		8D1107310486CEB800E47090 /* LetsMove-Info.plist */ = {isa = PBXFileReference; fileEncoding = 4; lastKnownFileType = text.plist.xml; path = "LetsMove-Info.plist"; sourceTree = "<group>"; };
		8D1107320486CEB800E47090 /* LetsMove.app */ = {isa = PBXFileReference; explicitFileType = wrapper.application; includeInIndex = 0; path = LetsMove.app; sourceTree = BUILT_PRODUCTS_DIR; };
		A120E7F610630B160045BE3F /* PFMoveApplication.h */ = {isa = PBXFileReference; fileEncoding = 4; lastKnownFileType = sourcecode.c.h; path = PFMoveApplication.h; sourceTree = "<group>"; };
		A120E7F710630B160045BE3F /* PFMoveApplication.m */ = {isa = PBXFileReference; fileEncoding = 4; lastKnownFileType = sourcecode.c.objc; path = PFMoveApplication.m; sourceTree = "<group>"; };
		A1339024192F8183009ABCE2 /* cs */ = {isa = PBXFileReference; lastKnownFileType = text.plist.strings; name = cs; path = cs.lproj/MoveApplication.strings; sourceTree = "<group>"; };
		A17CADE6192F7E14008A209F /* en */ = {isa = PBXFileReference; lastKnownFileType = text.plist.strings; name = en; path = en.lproj/InfoPlist.strings; sourceTree = "<group>"; };
		A17CADE8192F7E14008A209F /* en */ = {isa = PBXFileReference; lastKnownFileType = file.xib; name = en; path = en.lproj/MainMenu.xib; sourceTree = "<group>"; };
		A17CADEA192F7E14008A209F /* en */ = {isa = PBXFileReference; lastKnownFileType = text.plist.strings; name = en; path = en.lproj/MoveApplication.strings; sourceTree = "<group>"; };
		A19B38C1192F81C200F1CCA3 /* da */ = {isa = PBXFileReference; lastKnownFileType = text.plist.strings; name = da; path = da.lproj/MoveApplication.strings; sourceTree = "<group>"; };
		A19B38C2192F81D400F1CCA3 /* de */ = {isa = PBXFileReference; lastKnownFileType = text.plist.strings; name = de; path = de.lproj/MoveApplication.strings; sourceTree = "<group>"; };
		A19B38C3192F81DD00F1CCA3 /* es */ = {isa = PBXFileReference; lastKnownFileType = text.plist.strings; name = es; path = es.lproj/MoveApplication.strings; sourceTree = "<group>"; };
		A19B38C4192F81E200F1CCA3 /* fr */ = {isa = PBXFileReference; lastKnownFileType = text.plist.strings; name = fr; path = fr.lproj/MoveApplication.strings; sourceTree = "<group>"; };
		A19B38C5192F81E700F1CCA3 /* it */ = {isa = PBXFileReference; lastKnownFileType = text.plist.strings; name = it; path = it.lproj/MoveApplication.strings; sourceTree = "<group>"; };
		A19B38C6192F81ED00F1CCA3 /* ja */ = {isa = PBXFileReference; lastKnownFileType = text.plist.strings; name = ja; path = ja.lproj/MoveApplication.strings; sourceTree = "<group>"; };
		A19B38C7192F81F100F1CCA3 /* ko */ = {isa = PBXFileReference; lastKnownFileType = text.plist.strings; name = ko; path = ko.lproj/MoveApplication.strings; sourceTree = "<group>"; };
		A19B38C8192F81F700F1CCA3 /* nb */ = {isa = PBXFileReference; lastKnownFileType = text.plist.strings; name = nb; path = nb.lproj/MoveApplication.strings; sourceTree = "<group>"; };
		A19B38C9192F81FC00F1CCA3 /* nl */ = {isa = PBXFileReference; lastKnownFileType = text.plist.strings; name = nl; path = nl.lproj/MoveApplication.strings; sourceTree = "<group>"; };
		A19B38CA192F820200F1CCA3 /* pt_BR */ = {isa = PBXFileReference; lastKnownFileType = text.plist.strings; name = pt_BR; path = pt_BR.lproj/MoveApplication.strings; sourceTree = "<group>"; };
		A19B38CB192F820900F1CCA3 /* pt */ = {isa = PBXFileReference; lastKnownFileType = text.plist.strings; name = pt; path = pt.lproj/MoveApplication.strings; sourceTree = "<group>"; };
		A19B38CC192F820E00F1CCA3 /* ru */ = {isa = PBXFileReference; lastKnownFileType = text.plist.strings; name = ru; path = ru.lproj/MoveApplication.strings; sourceTree = "<group>"; };
		A19B38CD192F821300F1CCA3 /* zh_CN */ = {isa = PBXFileReference; lastKnownFileType = text.plist.strings; name = zh_CN; path = zh_CN.lproj/MoveApplication.strings; sourceTree = "<group>"; };
		A1A4C5A8106760B100AF3142 /* README.md */ = {isa = PBXFileReference; fileEncoding = 4; lastKnownFileType = text; path = README.md; sourceTree = "<group>"; };
/* End PBXFileReference section */

/* Begin PBXFrameworksBuildPhase section */
		8D11072E0486CEB800E47090 /* Frameworks */ = {
			isa = PBXFrameworksBuildPhase;
			buildActionMask = 2147483647;
			files = (
				8D11072F0486CEB800E47090 /* Cocoa.framework in Frameworks */,
				6317AB1E1068842E000355D9 /* Security.framework in Frameworks */,
			);
			runOnlyForDeploymentPostprocessing = 0;
		};
/* End PBXFrameworksBuildPhase section */

/* Begin PBXGroup section */
		080E96DDFE201D6D7F000001 /* Classes */ = {
			isa = PBXGroup;
			children = (
				A120E7F610630B160045BE3F /* PFMoveApplication.h */,
				A120E7F710630B160045BE3F /* PFMoveApplication.m */,
				256AC3D80F4B6AC300CF3369 /* LetsMoveAppDelegate.h */,
				256AC3D90F4B6AC300CF3369 /* LetsMoveAppDelegate.m */,
			);
			name = Classes;
			sourceTree = "<group>";
		};
		1058C7A0FEA54F0111CA2CBB /* Linked Frameworks */ = {
			isa = PBXGroup;
			children = (
				1058C7A1FEA54F0111CA2CBB /* Cocoa.framework */,
				6317AB1D1068842E000355D9 /* Security.framework */,
			);
			name = "Linked Frameworks";
			sourceTree = "<group>";
		};
		1058C7A2FEA54F0111CA2CBB /* Other Frameworks */ = {
			isa = PBXGroup;
			children = (
				29B97324FDCFA39411CA2CEA /* AppKit.framework */,
				13E42FB307B3F0F600E4EEF1 /* CoreData.framework */,
				29B97325FDCFA39411CA2CEA /* Foundation.framework */,
			);
			name = "Other Frameworks";
			sourceTree = "<group>";
		};
		19C28FACFE9D520D11CA2CBB /* Products */ = {
			isa = PBXGroup;
			children = (
				8D1107320486CEB800E47090 /* LetsMove.app */,
			);
			name = Products;
			sourceTree = "<group>";
		};
		29B97314FDCFA39411CA2CEA /* LetsMove */ = {
			isa = PBXGroup;
			children = (
				A1A4C5A8106760B100AF3142 /* README.md */,
				080E96DDFE201D6D7F000001 /* Classes */,
				29B97315FDCFA39411CA2CEA /* Other Sources */,
				29B97317FDCFA39411CA2CEA /* Resources */,
				29B97323FDCFA39411CA2CEA /* Frameworks */,
				19C28FACFE9D520D11CA2CBB /* Products */,
			);
			name = LetsMove;
			sourceTree = "<group>";
		};
		29B97315FDCFA39411CA2CEA /* Other Sources */ = {
			isa = PBXGroup;
			children = (
				256AC3F00F4B6AF500CF3369 /* LetsMove_Prefix.pch */,
				29B97316FDCFA39411CA2CEA /* main.m */,
			);
			name = "Other Sources";
			sourceTree = "<group>";
		};
		29B97317FDCFA39411CA2CEA /* Resources */ = {
			isa = PBXGroup;
			children = (
				8D1107310486CEB800E47090 /* LetsMove-Info.plist */,
				A17CADE5192F7E14008A209F /* InfoPlist.strings */,
				A17CADE7192F7E14008A209F /* MainMenu.xib */,
				A17CADE9192F7E14008A209F /* MoveApplication.strings */,
			);
			name = Resources;
			sourceTree = "<group>";
		};
		29B97323FDCFA39411CA2CEA /* Frameworks */ = {
			isa = PBXGroup;
			children = (
				1058C7A0FEA54F0111CA2CBB /* Linked Frameworks */,
				1058C7A2FEA54F0111CA2CBB /* Other Frameworks */,
			);
			name = Frameworks;
			sourceTree = "<group>";
		};
/* End PBXGroup section */

/* Begin PBXNativeTarget section */
		8D1107260486CEB800E47090 /* LetsMove */ = {
			isa = PBXNativeTarget;
			buildConfigurationList = C01FCF4A08A954540054247B /* Build configuration list for PBXNativeTarget "LetsMove" */;
			buildPhases = (
				8D11072C0486CEB800E47090 /* Sources */,
				8D11072E0486CEB800E47090 /* Frameworks */,
				8D1107290486CEB800E47090 /* Resources */,
			);
			buildRules = (
			);
			dependencies = (
			);
			name = LetsMove;
			productInstallPath = "$(HOME)/Applications";
			productName = LetsMove;
			productReference = 8D1107320486CEB800E47090 /* LetsMove.app */;
			productType = "com.apple.product-type.application";
		};
/* End PBXNativeTarget section */

/* Begin PBXProject section */
		29B97313FDCFA39411CA2CEA /* Project object */ = {
			isa = PBXProject;
			attributes = {
				LastUpgradeCheck = 0500;
			};
			buildConfigurationList = C01FCF4E08A954540054247B /* Build configuration list for PBXProject "LetsMove" */;
			compatibilityVersion = "Xcode 3.2";
			developmentRegion = English;
			hasScannedForEncodings = 1;
			knownRegions = (
				English,
				Japanese,
				French,
				German,
				Russian,
				Dutch,
				Spanish,
				Danish,
				Italian,
				"zh-Hans",
				Portuguese,
				"pt-BR",
				ko,
				nb,
				cs,
				en,
				da,
				de,
				es,
				fr,
				it,
				ja,
				nl,
				pt_BR,
				pt,
				ru,
				zh_CN,
			);
			mainGroup = 29B97314FDCFA39411CA2CEA /* LetsMove */;
			projectDirPath = "";
			projectRoot = "";
			targets = (
				8D1107260486CEB800E47090 /* LetsMove */,
			);
		};
/* End PBXProject section */

/* Begin PBXResourcesBuildPhase section */
		8D1107290486CEB800E47090 /* Resources */ = {
			isa = PBXResourcesBuildPhase;
			buildActionMask = 2147483647;
			files = (
				A17CADED192F7E14008A209F /* MoveApplication.strings in Resources */,
				A1339025192F8183009ABCE2 /* LetsMove-Info.plist in Resources */,
				A17CADEB192F7E14008A209F /* InfoPlist.strings in Resources */,
				A17CADEC192F7E14008A209F /* MainMenu.xib in Resources */,
			);
			runOnlyForDeploymentPostprocessing = 0;
		};
/* End PBXResourcesBuildPhase section */

/* Begin PBXSourcesBuildPhase section */
		8D11072C0486CEB800E47090 /* Sources */ = {
			isa = PBXSourcesBuildPhase;
			buildActionMask = 2147483647;
			files = (
				8D11072D0486CEB800E47090 /* main.m in Sources */,
				256AC3DA0F4B6AC300CF3369 /* LetsMoveAppDelegate.m in Sources */,
				A120E7F810630B160045BE3F /* PFMoveApplication.m in Sources */,
			);
			runOnlyForDeploymentPostprocessing = 0;
		};
/* End PBXSourcesBuildPhase section */

/* Begin PBXVariantGroup section */
		A17CADE5192F7E14008A209F /* InfoPlist.strings */ = {
			isa = PBXVariantGroup;
			children = (
				A17CADE6192F7E14008A209F /* en */,
			);
			name = InfoPlist.strings;
			sourceTree = "<group>";
		};
		A17CADE7192F7E14008A209F /* MainMenu.xib */ = {
			isa = PBXVariantGroup;
			children = (
				A17CADE8192F7E14008A209F /* en */,
			);
			name = MainMenu.xib;
			sourceTree = "<group>";
		};
		A17CADE9192F7E14008A209F /* MoveApplication.strings */ = {
			isa = PBXVariantGroup;
			children = (
				A17CADEA192F7E14008A209F /* en */,
				A19B38CD192F821300F1CCA3 /* zh_CN */,
				A1339024192F8183009ABCE2 /* cs */,
				A19B38C1192F81C200F1CCA3 /* da */,
				A19B38C9192F81FC00F1CCA3 /* nl */,
				A19B38C4192F81E200F1CCA3 /* fr */,
				A19B38C2192F81D400F1CCA3 /* de */,
				A19B38C5192F81E700F1CCA3 /* it */,
				A19B38C6192F81ED00F1CCA3 /* ja */,
				A19B38C7192F81F100F1CCA3 /* ko */,
				A19B38C8192F81F700F1CCA3 /* nb */,
				A19B38CB192F820900F1CCA3 /* pt */,
				A19B38CA192F820200F1CCA3 /* pt_BR */,
				A19B38CC192F820E00F1CCA3 /* ru */,
				A19B38C3192F81DD00F1CCA3 /* es */,
			);
			name = MoveApplication.strings;
			sourceTree = "<group>";
		};
/* End PBXVariantGroup section */

/* Begin XCBuildConfiguration section */
		C01FCF4B08A954540054247B /* Debug */ = {
			isa = XCBuildConfiguration;
			buildSettings = {
				ALWAYS_SEARCH_USER_PATHS = NO;
				COMBINE_HIDPI_IMAGES = YES;
				COPY_PHASE_STRIP = NO;
				GCC_DYNAMIC_NO_PIC = NO;
				GCC_MODEL_TUNING = G5;
				GCC_OPTIMIZATION_LEVEL = 0;
				GCC_PRECOMPILE_PREFIX_HEADER = YES;
				GCC_PREFIX_HEADER = LetsMove_Prefix.pch;
				INFOPLIST_FILE = "LetsMove-Info.plist";
				INSTALL_PATH = "$(HOME)/Applications";
				PRODUCT_NAME = LetsMove;
			};
			name = Debug;
		};
		C01FCF4C08A954540054247B /* Release */ = {
			isa = XCBuildConfiguration;
			buildSettings = {
				ALWAYS_SEARCH_USER_PATHS = NO;
				COMBINE_HIDPI_IMAGES = YES;
				DEBUG_INFORMATION_FORMAT = "dwarf-with-dsym";
				GCC_MODEL_TUNING = G5;
				GCC_PRECOMPILE_PREFIX_HEADER = YES;
				GCC_PREFIX_HEADER = LetsMove_Prefix.pch;
				INFOPLIST_FILE = "LetsMove-Info.plist";
				INSTALL_PATH = "$(HOME)/Applications";
				PRODUCT_NAME = LetsMove;
			};
			name = Release;
		};
		C01FCF4F08A954540054247B /* Debug */ = {
			isa = XCBuildConfiguration;
			buildSettings = {
				ARCHS = "$(ARCHS_STANDARD_32_64_BIT)";
				"ARCHS[sdk=macosx10.4]" = "$(ARCHS_STANDARD_32_BIT)";
				CLANG_WARN_IMPLICIT_SIGN_CONVERSION = YES;
				CLANG_WARN_SUSPICIOUS_IMPLICIT_CONVERSION = YES;
				GCC_C_LANGUAGE_STANDARD = gnu99;
				GCC_OPTIMIZATION_LEVEL = 0;
				GCC_TREAT_IMPLICIT_FUNCTION_DECLARATIONS_AS_ERRORS = YES;
				GCC_TREAT_INCOMPATIBLE_POINTER_TYPE_WARNINGS_AS_ERRORS = YES;
				"GCC_VERSION[sdk=macosx10.4][arch=*]" = 4.0;
				GCC_WARN_64_TO_32_BIT_CONVERSION = YES;
				GCC_WARN_ABOUT_MISSING_NEWLINE = YES;
				GCC_WARN_ABOUT_MISSING_PROTOTYPES = YES;
				GCC_WARN_ABOUT_RETURN_TYPE = YES;
				GCC_WARN_FOUR_CHARACTER_CONSTANTS = YES;
				GCC_WARN_INITIALIZER_NOT_FULLY_BRACKETED = YES;
				GCC_WARN_SHADOW = YES;
				GCC_WARN_SIGN_COMPARE = YES;
				GCC_WARN_UNKNOWN_PRAGMAS = YES;
				GCC_WARN_UNUSED_FUNCTION = YES;
				GCC_WARN_UNUSED_VARIABLE = YES;
				MACOSX_DEPLOYMENT_TARGET = 10.5;
				"MACOSX_DEPLOYMENT_TARGET[arch=x86_64]" = 10.5;
				ONLY_ACTIVE_ARCH = YES;
			};
			name = Debug;
		};
		C01FCF5008A954540054247B /* Release */ = {
			isa = XCBuildConfiguration;
			buildSettings = {
				ARCHS = "$(ARCHS_STANDARD_32_64_BIT)";
				"ARCHS[sdk=macosx10.4]" = "$(ARCHS_STANDARD_32_BIT)";
				CLANG_WARN_IMPLICIT_SIGN_CONVERSION = YES;
				CLANG_WARN_SUSPICIOUS_IMPLICIT_CONVERSION = YES;
				GCC_C_LANGUAGE_STANDARD = gnu99;
				GCC_TREAT_IMPLICIT_FUNCTION_DECLARATIONS_AS_ERRORS = YES;
				GCC_TREAT_INCOMPATIBLE_POINTER_TYPE_WARNINGS_AS_ERRORS = YES;
				"GCC_VERSION[sdk=macosx10.4][arch=*]" = 4.0;
				GCC_WARN_64_TO_32_BIT_CONVERSION = YES;
				GCC_WARN_ABOUT_MISSING_NEWLINE = YES;
				GCC_WARN_ABOUT_MISSING_PROTOTYPES = YES;
				GCC_WARN_ABOUT_RETURN_TYPE = YES;
				GCC_WARN_FOUR_CHARACTER_CONSTANTS = YES;
				GCC_WARN_INITIALIZER_NOT_FULLY_BRACKETED = YES;
				GCC_WARN_SHADOW = YES;
				GCC_WARN_SIGN_COMPARE = YES;
				GCC_WARN_UNKNOWN_PRAGMAS = YES;
				GCC_WARN_UNUSED_FUNCTION = YES;
				GCC_WARN_UNUSED_VARIABLE = YES;
				MACOSX_DEPLOYMENT_TARGET = 10.5;
				"MACOSX_DEPLOYMENT_TARGET[arch=x86_64]" = 10.5;
			};
			name = Release;
		};
/* End XCBuildConfiguration section */

/* Begin XCConfigurationList section */
		C01FCF4A08A954540054247B /* Build configuration list for PBXNativeTarget "LetsMove" */ = {
			isa = XCConfigurationList;
			buildConfigurations = (
				C01FCF4B08A954540054247B /* Debug */,
				C01FCF4C08A954540054247B /* Release */,
			);
			defaultConfigurationIsVisible = 0;
			defaultConfigurationName = Release;
		};
		C01FCF4E08A954540054247B /* Build configuration list for PBXProject "LetsMove" */ = {
			isa = XCConfigurationList;
			buildConfigurations = (
				C01FCF4F08A954540054247B /* Debug */,
				C01FCF5008A954540054247B /* Release */,
			);
			defaultConfigurationIsVisible = 0;
			defaultConfigurationName = Release;
		};
/* End XCConfigurationList section */
	};
	rootObject = 29B97313FDCFA39411CA2CEA /* Project object */;
}
