// !$*UTF8*$!
{
	archiveVersion = 1;
	classes = {
	};
	objectVersion = 46;
	objects = {

/* Begin PBXBuildFile section */
		256AC3DA0F4B6AC300CF3369 /* LetsMoveAppDelegate.m in Sources */ = {isa = PBXBuildFile; fileRef = 256AC3D90F4B6AC300CF3369 /* LetsMoveAppDelegate.m */; };
		6317AB1E1068842E000355D9 /* Security.framework in Frameworks */ = {isa = PBXBuildFile; fileRef = 6317AB1D1068842E000355D9 /* Security.framework */; };
		8D11072D0486CEB800E47090 /* main.m in Sources */ = {isa = PBXBuildFile; fileRef = 29B97316FDCFA39411CA2CEA /* main.m */; settings = {ATTRIBUTES = (); }; };
		8D11072F0486CEB800E47090 /* Cocoa.framework in Frameworks */ = {isa = PBXBuildFile; fileRef = 1058C7A1FEA54F0111CA2CBB /* Cocoa.framework */; };
		A120E7F810630B160045BE3F /* PFMoveApplication.m in Sources */ = {isa = PBXBuildFile; fileRef = A120E7F710630B160045BE3F /* PFMoveApplication.m */; };
		A17CADEB192F7E14008A209F /* InfoPlist.strings in Resources */ = {isa = PBXBuildFile; fileRef = A17CADE5192F7E14008A209F /* InfoPlist.strings */; };
		A17CADEC192F7E14008A209F /* MainMenu.xib in Resources */ = {isa = PBXBuildFile; fileRef = A17CADE7192F7E14008A209F /* MainMenu.xib */; };
		A17CADED192F7E14008A209F /* MoveApplication.strings in Resources */ = {isa = PBXBuildFile; fileRef = A17CADE9192F7E14008A209F /* MoveApplication.strings */; };
		F146F8301CE7097500233A9B /* Cocoa.framework in Frameworks */ = {isa = PBXBuildFile; fileRef = F146F82F1CE7097500233A9B /* Cocoa.framework */; };
		F146F8321CE7097800233A9B /* Security.framework in Frameworks */ = {isa = PBXBuildFile; fileRef = F146F8311CE7097800233A9B /* Security.framework */; };
		F146F8331CE7124100233A9B /* MoveApplication.strings in Resources */ = {isa = PBXBuildFile; fileRef = A17CADE9192F7E14008A209F /* MoveApplication.strings */; };
		F146F8341CE7125900233A9B /* PFMoveApplication.m in Sources */ = {isa = PBXBuildFile; fileRef = A120E7F710630B160045BE3F /* PFMoveApplication.m */; };
		F146F8391CE7167F00233A9B /* PFMoveApplication.h in Headers */ = {isa = PBXBuildFile; fileRef = A120E7F610630B160045BE3F /* PFMoveApplication.h */; settings = {ATTRIBUTES = (Public, ); }; };
		F146F83C1CE71DAF00233A9B /* LetsMove.h in Headers */ = {isa = PBXBuildFile; fileRef = F146F83B1CE71D9700233A9B /* LetsMove.h */; settings = {ATTRIBUTES = (Public, ); }; };
/* End PBXBuildFile section */

/* Begin PBXFileReference section */
		1058C7A1FEA54F0111CA2CBB /* Cocoa.framework */ = {isa = PBXFileReference; lastKnownFileType = wrapper.framework; name = Cocoa.framework; path = /System/Library/Frameworks/Cocoa.framework; sourceTree = "<absolute>"; };
		13E42FB307B3F0F600E4EEF1 /* CoreData.framework */ = {isa = PBXFileReference; lastKnownFileType = wrapper.framework; name = CoreData.framework; path = /System/Library/Frameworks/CoreData.framework; sourceTree = "<absolute>"; };
		256AC3D80F4B6AC300CF3369 /* LetsMoveAppDelegate.h */ = {isa = PBXFileReference; fileEncoding = 4; lastKnownFileType = sourcecode.c.h; path = LetsMoveAppDelegate.h; sourceTree = "<group>"; };
		256AC3D90F4B6AC300CF3369 /* LetsMoveAppDelegate.m */ = {isa = PBXFileReference; fileEncoding = 4; lastKnownFileType = sourcecode.c.objc; path = LetsMoveAppDelegate.m; sourceTree = "<group>"; };
		256AC3F00F4B6AF500CF3369 /* LetsMove_Prefix.pch */ = {isa = PBXFileReference; fileEncoding = 4; lastKnownFileType = sourcecode.c.h; path = LetsMove_Prefix.pch; sourceTree = "<group>"; };
		29B97316FDCFA39411CA2CEA /* main.m */ = {isa = PBXFileReference; fileEncoding = 4; lastKnownFileType = sourcecode.c.objc; path = main.m; sourceTree = "<group>"; };
		29B97324FDCFA39411CA2CEA /* AppKit.framework */ = {isa = PBXFileReference; lastKnownFileType = wrapper.framework; name = AppKit.framework; path = /System/Library/Frameworks/AppKit.framework; sourceTree = "<absolute>"; };
		29B97325FDCFA39411CA2CEA /* Foundation.framework */ = {isa = PBXFileReference; lastKnownFileType = wrapper.framework; name = Foundation.framework; path = /System/Library/Frameworks/Foundation.framework; sourceTree = "<absolute>"; };
		6317AB1D1068842E000355D9 /* Security.framework */ = {isa = PBXFileReference; lastKnownFileType = wrapper.framework; name = Security.framework; path = /System/Library/Frameworks/Security.framework; sourceTree = "<absolute>"; };
		8D1107310486CEB800E47090 /* LetsMove-Test-Info.plist */ = {isa = PBXFileReference; fileEncoding = 4; lastKnownFileType = text.plist.xml; path = "LetsMove-Test-Info.plist"; sourceTree = "<group>"; };
		8D1107320486CEB800E47090 /* LetsMove Test.app */ = {isa = PBXFileReference; explicitFileType = wrapper.application; includeInIndex = 0; path = "LetsMove Test.app"; sourceTree = BUILT_PRODUCTS_DIR; };
		A120E7F610630B160045BE3F /* PFMoveApplication.h */ = {isa = PBXFileReference; fileEncoding = 4; lastKnownFileType = sourcecode.c.h; path = PFMoveApplication.h; sourceTree = "<group>"; };
		A120E7F710630B160045BE3F /* PFMoveApplication.m */ = {isa = PBXFileReference; fileEncoding = 4; lastKnownFileType = sourcecode.c.objc; path = PFMoveApplication.m; sourceTree = "<group>"; };
		A1339024192F8183009ABCE2 /* cs */ = {isa = PBXFileReference; fileEncoding = 10; lastKnownFileType = text.plist.strings; name = cs; path = cs.lproj/MoveApplication.strings; sourceTree = "<group>"; };
		A17CADE6192F7E14008A209F /* en */ = {isa = PBXFileReference; lastKnownFileType = text.plist.strings; name = en; path = en.lproj/InfoPlist.strings; sourceTree = "<group>"; };
		A17CADE8192F7E14008A209F /* en */ = {isa = PBXFileReference; lastKnownFileType = file.xib; name = en; path = en.lproj/MainMenu.xib; sourceTree = "<group>"; };
		A17CADEA192F7E14008A209F /* en */ = {isa = PBXFileReference; fileEncoding = 10; lastKnownFileType = text.plist.strings; name = en; path = en.lproj/MoveApplication.strings; sourceTree = "<group>"; };
		A17ED68F1A00BA8B0032BA5B /* sv */ = {isa = PBXFileReference; fileEncoding = 10; lastKnownFileType = text.plist.strings; name = sv; path = sv.lproj/MoveApplication.strings; sourceTree = "<group>"; };
		A19B38C1192F81C200F1CCA3 /* da */ = {isa = PBXFileReference; fileEncoding = 10; lastKnownFileType = text.plist.strings; name = da; path = da.lproj/MoveApplication.strings; sourceTree = "<group>"; };
		A19B38C2192F81D400F1CCA3 /* de */ = {isa = PBXFileReference; fileEncoding = 10; lastKnownFileType = text.plist.strings; name = de; path = de.lproj/MoveApplication.strings; sourceTree = "<group>"; };
		A19B38C3192F81DD00F1CCA3 /* es */ = {isa = PBXFileReference; fileEncoding = 10; lastKnownFileType = text.plist.strings; name = es; path = es.lproj/MoveApplication.strings; sourceTree = "<group>"; };
		A19B38C4192F81E200F1CCA3 /* fr */ = {isa = PBXFileReference; fileEncoding = 10; lastKnownFileType = text.plist.strings; name = fr; path = fr.lproj/MoveApplication.strings; sourceTree = "<group>"; };
		A19B38C5192F81E700F1CCA3 /* it */ = {isa = PBXFileReference; fileEncoding = 10; lastKnownFileType = text.plist.strings; name = it; path = it.lproj/MoveApplication.strings; sourceTree = "<group>"; };
		A19B38C6192F81ED00F1CCA3 /* ja */ = {isa = PBXFileReference; fileEncoding = 10; lastKnownFileType = text.plist.strings; name = ja; path = ja.lproj/MoveApplication.strings; sourceTree = "<group>"; };
		A19B38C7192F81F100F1CCA3 /* ko */ = {isa = PBXFileReference; fileEncoding = 10; lastKnownFileType = text.plist.strings; name = ko; path = ko.lproj/MoveApplication.strings; sourceTree = "<group>"; };
		A19B38C8192F81F700F1CCA3 /* nb */ = {isa = PBXFileReference; fileEncoding = 10; lastKnownFileType = text.plist.strings; name = nb; path = nb.lproj/MoveApplication.strings; sourceTree = "<group>"; };
		A19B38C9192F81FC00F1CCA3 /* nl */ = {isa = PBXFileReference; fileEncoding = 10; lastKnownFileType = text.plist.strings; name = nl; path = nl.lproj/MoveApplication.strings; sourceTree = "<group>"; };
		A19B38CA192F820200F1CCA3 /* pt_BR */ = {isa = PBXFileReference; fileEncoding = 10; lastKnownFileType = text.plist.strings; name = pt_BR; path = pt_BR.lproj/MoveApplication.strings; sourceTree = "<group>"; };
		A19B38CB192F820900F1CCA3 /* pt */ = {isa = PBXFileReference; fileEncoding = 10; lastKnownFileType = text.plist.strings; name = pt; path = pt.lproj/MoveApplication.strings; sourceTree = "<group>"; };
		A19B38CC192F820E00F1CCA3 /* ru */ = {isa = PBXFileReference; fileEncoding = 10; lastKnownFileType = text.plist.strings; name = ru; path = ru.lproj/MoveApplication.strings; sourceTree = "<group>"; };
		A19B38CD192F821300F1CCA3 /* zh_CN */ = {isa = PBXFileReference; fileEncoding = 10; lastKnownFileType = text.plist.strings; name = zh_CN; path = zh_CN.lproj/MoveApplication.strings; sourceTree = "<group>"; };
		A19B38CD192F821800F1CCA3 /* zh_TW */ = {isa = PBXFileReference; fileEncoding = 10; lastKnownFileType = text.plist.strings; name = zh_TW; path = zh_TW.lproj/MoveApplication.strings; sourceTree = "<group>"; };
		A1A4C5A8106760B100AF3142 /* README.md */ = {isa = PBXFileReference; fileEncoding = 4; lastKnownFileType = text; path = README.md; sourceTree = "<group>"; };
		B2A84660197EAB71008A4ACA /* hu */ = {isa = PBXFileReference; fileEncoding = 10; lastKnownFileType = text.plist.strings; name = hu; path = hu.lproj/MoveApplication.strings; sourceTree = "<group>"; };
		B2A84661197EAB79008A4ACA /* tr */ = {isa = PBXFileReference; fileEncoding = 10; lastKnownFileType = text.plist.strings; name = tr; path = tr.lproj/MoveApplication.strings; sourceTree = "<group>"; };
		B2A84662197EAB85008A4ACA /* sr */ = {isa = PBXFileReference; fileEncoding = 10; lastKnownFileType = text.plist.strings; name = sr; path = sr.lproj/MoveApplication.strings; sourceTree = "<group>"; };
		B5B5D108198940DF0074DBCE /* pl */ = {isa = PBXFileReference; fileEncoding = 10; lastKnownFileType = text.plist.strings; name = pl; path = pl.lproj/MoveApplication.strings; sourceTree = "<group>"; };
		C3A14200EF754221ACE32119 /* mk */ = {isa = PBXFileReference; fileEncoding = 10; lastKnownFileType = text.plist.strings; name = mk; path = mk.lproj/MoveApplication.strings; sourceTree = "<group>"; };
		D2CC8CA81B90F10700F763DF /* sk */ = {isa = PBXFileReference; fileEncoding = 10; lastKnownFileType = text.plist.strings; name = sk; path = sk.lproj/MoveApplication.strings; sourceTree = "<group>"; };
		F146F8271CE7094400233A9B /* LetsMove.framework */ = {isa = PBXFileReference; explicitFileType = wrapper.framework; includeInIndex = 0; path = LetsMove.framework; sourceTree = BUILT_PRODUCTS_DIR; };
		F146F82F1CE7097500233A9B /* Cocoa.framework */ = {isa = PBXFileReference; lastKnownFileType = wrapper.framework; name = Cocoa.framework; path = System/Library/Frameworks/Cocoa.framework; sourceTree = SDKROOT; };
		F146F8311CE7097800233A9B /* Security.framework */ = {isa = PBXFileReference; lastKnownFileType = wrapper.framework; name = Security.framework; path = System/Library/Frameworks/Security.framework; sourceTree = SDKROOT; };
		F146F8381CE7164D00233A9B /* LetsMove.modulemap */ = {isa = PBXFileReference; fileEncoding = 4; lastKnownFileType = "sourcecode.module-map"; path = LetsMove.modulemap; sourceTree = "<group>"; };
		F146F83A1CE71D8A00233A9B /* LetsMove-Info.plist */ = {isa = PBXFileReference; lastKnownFileType = text.plist.xml; path = "LetsMove-Info.plist"; sourceTree = "<group>"; };
		F146F83B1CE71D9700233A9B /* LetsMove.h */ = {isa = PBXFileReference; lastKnownFileType = sourcecode.c.h; path = LetsMove.h; sourceTree = "<group>"; };
		F7846CE41A9F83E100BFAF88 /* ca */ = {isa = PBXFileReference; fileEncoding = 10; lastKnownFileType = text.plist.strings; name = ca; path = ca.lproj/MoveApplication.strings; sourceTree = "<group>"; };
/* End PBXFileReference section */

/* Begin PBXFrameworksBuildPhase section */
		8D11072E0486CEB800E47090 /* Frameworks */ = {
			isa = PBXFrameworksBuildPhase;
			buildActionMask = 2147483647;
			files = (
				8D11072F0486CEB800E47090 /* Cocoa.framework in Frameworks */,
				6317AB1E1068842E000355D9 /* Security.framework in Frameworks */,
			);
			runOnlyForDeploymentPostprocessing = 0;
		};
		F146F8231CE7094400233A9B /* Frameworks */ = {
			isa = PBXFrameworksBuildPhase;
			buildActionMask = 2147483647;
			files = (
				F146F8321CE7097800233A9B /* Security.framework in Frameworks */,
				F146F8301CE7097500233A9B /* Cocoa.framework in Frameworks */,
			);
			runOnlyForDeploymentPostprocessing = 0;
		};
/* End PBXFrameworksBuildPhase section */

/* Begin PBXGroup section */
		080E96DDFE201D6D7F000001 /* Classes */ = {
			isa = PBXGroup;
			children = (
				A120E7F610630B160045BE3F /* PFMoveApplication.h */,
				A120E7F710630B160045BE3F /* PFMoveApplication.m */,
				256AC3D80F4B6AC300CF3369 /* LetsMoveAppDelegate.h */,
				256AC3D90F4B6AC300CF3369 /* LetsMoveAppDelegate.m */,
			);
			name = Classes;
			sourceTree = "<group>";
		};
		1058C7A0FEA54F0111CA2CBB /* Linked Frameworks */ = {
			isa = PBXGroup;
			children = (
				1058C7A1FEA54F0111CA2CBB /* Cocoa.framework */,
				6317AB1D1068842E000355D9 /* Security.framework */,
			);
			name = "Linked Frameworks";
			sourceTree = "<group>";
		};
		1058C7A2FEA54F0111CA2CBB /* Other Frameworks */ = {
			isa = PBXGroup;
			children = (
				29B97324FDCFA39411CA2CEA /* AppKit.framework */,
				13E42FB307B3F0F600E4EEF1 /* CoreData.framework */,
				29B97325FDCFA39411CA2CEA /* Foundation.framework */,
			);
			name = "Other Frameworks";
			sourceTree = "<group>";
		};
		19C28FACFE9D520D11CA2CBB /* Products */ = {
			isa = PBXGroup;
			children = (
				8D1107320486CEB800E47090 /* LetsMove Test.app */,
				F146F8271CE7094400233A9B /* LetsMove.framework */,
			);
			name = Products;
			sourceTree = "<group>";
		};
		29B97314FDCFA39411CA2CEA /* LetsMove */ = {
			isa = PBXGroup;
			children = (
				A1A4C5A8106760B100AF3142 /* README.md */,
				080E96DDFE201D6D7F000001 /* Classes */,
				29B97315FDCFA39411CA2CEA /* Other Sources */,
				29B97317FDCFA39411CA2CEA /* Resources */,
				29B97323FDCFA39411CA2CEA /* Frameworks */,
				19C28FACFE9D520D11CA2CBB /* Products */,
			);
			name = LetsMove;
			sourceTree = "<group>";
			usesTabs = 1;
		};
		29B97315FDCFA39411CA2CEA /* Other Sources */ = {
			isa = PBXGroup;
			children = (
				F146F83B1CE71D9700233A9B /* LetsMove.h */,
				256AC3F00F4B6AF500CF3369 /* LetsMove_Prefix.pch */,
				29B97316FDCFA39411CA2CEA /* main.m */,
			);
			name = "Other Sources";
			sourceTree = "<group>";
		};
		29B97317FDCFA39411CA2CEA /* Resources */ = {
			isa = PBXGroup;
			children = (
				F146F83A1CE71D8A00233A9B /* LetsMove-Info.plist */,
				8D1107310486CEB800E47090 /* LetsMove-Test-Info.plist */,
				F146F8381CE7164D00233A9B /* LetsMove.modulemap */,
				A17CADE5192F7E14008A209F /* InfoPlist.strings */,
				A17CADE7192F7E14008A209F /* MainMenu.xib */,
				A17CADE9192F7E14008A209F /* MoveApplication.strings */,
			);
			name = Resources;
			sourceTree = "<group>";
		};
		29B97323FDCFA39411CA2CEA /* Frameworks */ = {
			isa = PBXGroup;
			children = (
				F146F8311CE7097800233A9B /* Security.framework */,
				F146F82F1CE7097500233A9B /* Cocoa.framework */,
				1058C7A0FEA54F0111CA2CBB /* Linked Frameworks */,
				1058C7A2FEA54F0111CA2CBB /* Other Frameworks */,
			);
			name = Frameworks;
			sourceTree = "<group>";
		};
/* End PBXGroup section */

/* Begin PBXHeadersBuildPhase section */
		F146F8241CE7094400233A9B /* Headers */ = {
			isa = PBXHeadersBuildPhase;
			buildActionMask = 2147483647;
			files = (
				F146F83C1CE71DAF00233A9B /* LetsMove.h in Headers */,
				F146F8391CE7167F00233A9B /* PFMoveApplication.h in Headers */,
			);
			runOnlyForDeploymentPostprocessing = 0;
		};
/* End PBXHeadersBuildPhase section */

/* Begin PBXNativeTarget section */
		8D1107260486CEB800E47090 /* LetsMove Test */ = {
			isa = PBXNativeTarget;
			buildConfigurationList = C01FCF4A08A954540054247B /* Build configuration list for PBXNativeTarget "LetsMove Test" */;
			buildPhases = (
				8D11072C0486CEB800E47090 /* Sources */,
				8D11072E0486CEB800E47090 /* Frameworks */,
				8D1107290486CEB800E47090 /* Resources */,
			);
			buildRules = (
			);
			dependencies = (
			);
			name = "LetsMove Test";
			productInstallPath = "$(HOME)/Applications";
			productName = LetsMove;
			productReference = 8D1107320486CEB800E47090 /* LetsMove Test.app */;
			productType = "com.apple.product-type.application";
		};
		F146F8261CE7094400233A9B /* LetsMove */ = {
			isa = PBXNativeTarget;
			buildConfigurationList = F146F82C1CE7094400233A9B /* Build configuration list for PBXNativeTarget "LetsMove" */;
			buildPhases = (
				F146F8221CE7094400233A9B /* Sources */,
				F146F8231CE7094400233A9B /* Frameworks */,
				F146F8241CE7094400233A9B /* Headers */,
				F146F8251CE7094400233A9B /* Resources */,
			);
			buildRules = (
			);
			dependencies = (
			);
			name = LetsMove;
			productName = LetsMove;
			productReference = F146F8271CE7094400233A9B /* LetsMove.framework */;
			productType = "com.apple.product-type.framework";
		};
/* End PBXNativeTarget section */

/* Begin PBXProject section */
		29B97313FDCFA39411CA2CEA /* Project object */ = {
			isa = PBXProject;
			attributes = {
				LastUpgradeCheck = 0720;
				TargetAttributes = {
					F146F8261CE7094400233A9B = {
						CreatedOnToolsVersion = 7.3.1;
					};
				};
			};
			buildConfigurationList = C01FCF4E08A954540054247B /* Build configuration list for PBXProject "LetsMove" */;
			compatibilityVersion = "Xcode 3.2";
			developmentRegion = en;
			hasScannedForEncodings = 1;
			knownRegions = (
				ko,
				nb,
				cs,
				en,
				da,
				de,
				es,
				fr,
				it,
				ja,
				nl,
				pt_BR,
				pt,
				ru,
				zh_CN,
				zh_TW,
				pl,
				hu,
				tr,
				sr,
				sv,
				ca,
				sk,
			);
			mainGroup = 29B97314FDCFA39411CA2CEA /* LetsMove */;
			projectDirPath = "";
			projectRoot = "";
			targets = (
				8D1107260486CEB800E47090 /* LetsMove Test */,
				F146F8261CE7094400233A9B /* LetsMove */,
			);
		};
/* End PBXProject section */

/* Begin PBXResourcesBuildPhase section */
		8D1107290486CEB800E47090 /* Resources */ = {
			isa = PBXResourcesBuildPhase;
			buildActionMask = 2147483647;
			files = (
				A17CADED192F7E14008A209F /* MoveApplication.strings in Resources */,
				A17CADEB192F7E14008A209F /* InfoPlist.strings in Resources */,
				A17CADEC192F7E14008A209F /* MainMenu.xib in Resources */,
			);
			runOnlyForDeploymentPostprocessing = 0;
		};
		F146F8251CE7094400233A9B /* Resources */ = {
			isa = PBXResourcesBuildPhase;
			buildActionMask = 2147483647;
			files = (
				F146F8331CE7124100233A9B /* MoveApplication.strings in Resources */,
			);
			runOnlyForDeploymentPostprocessing = 0;
		};
/* End PBXResourcesBuildPhase section */

/* Begin PBXSourcesBuildPhase section */
		8D11072C0486CEB800E47090 /* Sources */ = {
			isa = PBXSourcesBuildPhase;
			buildActionMask = 2147483647;
			files = (
				8D11072D0486CEB800E47090 /* main.m in Sources */,
				256AC3DA0F4B6AC300CF3369 /* LetsMoveAppDelegate.m in Sources */,
				A120E7F810630B160045BE3F /* PFMoveApplication.m in Sources */,
			);
			runOnlyForDeploymentPostprocessing = 0;
		};
		F146F8221CE7094400233A9B /* Sources */ = {
			isa = PBXSourcesBuildPhase;
			buildActionMask = 2147483647;
			files = (
				F146F8341CE7125900233A9B /* PFMoveApplication.m in Sources */,
			);
			runOnlyForDeploymentPostprocessing = 0;
		};
/* End PBXSourcesBuildPhase section */

/* Begin PBXVariantGroup section */
		A17CADE5192F7E14008A209F /* InfoPlist.strings */ = {
			isa = PBXVariantGroup;
			children = (
				A17CADE6192F7E14008A209F /* en */,
			);
			name = InfoPlist.strings;
			sourceTree = "<group>";
		};
		A17CADE7192F7E14008A209F /* MainMenu.xib */ = {
			isa = PBXVariantGroup;
			children = (
				A17CADE8192F7E14008A209F /* en */,
			);
			name = MainMenu.xib;
			sourceTree = "<group>";
		};
		A17CADE9192F7E14008A209F /* MoveApplication.strings */ = {
			isa = PBXVariantGroup;
			children = (
				A17CADEA192F7E14008A209F /* en */,
				A19B38CD192F821300F1CCA3 /* zh_CN */,
				A19B38CD192F821800F1CCA3 /* zh_TW */,
				A1339024192F8183009ABCE2 /* cs */,
				A19B38C1192F81C200F1CCA3 /* da */,
				A19B38C9192F81FC00F1CCA3 /* nl */,
				A19B38C4192F81E200F1CCA3 /* fr */,
				A19B38C2192F81D400F1CCA3 /* de */,
				A19B38C5192F81E700F1CCA3 /* it */,
				A19B38C6192F81ED00F1CCA3 /* ja */,
				A19B38C7192F81F100F1CCA3 /* ko */,
				A19B38C8192F81F700F1CCA3 /* nb */,
				A19B38CB192F820900F1CCA3 /* pt */,
				A19B38CA192F820200F1CCA3 /* pt_BR */,
				A19B38CC192F820E00F1CCA3 /* ru */,
				A19B38C3192F81DD00F1CCA3 /* es */,
				B5B5D108198940DF0074DBCE /* pl */,
				B2A84660197EAB71008A4ACA /* hu */,
				B2A84661197EAB79008A4ACA /* tr */,
				B2A84662197EAB85008A4ACA /* sr */,
				C3A14200EF754221ACE32119 /* mk */,
				A17ED68F1A00BA8B0032BA5B /* sv */,
				F7846CE41A9F83E100BFAF88 /* ca */,
				D2CC8CA81B90F10700F763DF /* sk */,
			);
			name = MoveApplication.strings;
			sourceTree = "<group>";
		};
/* End PBXVariantGroup section */

/* Begin XCBuildConfiguration section */
		C01FCF4B08A954540054247B /* Debug */ = {
			isa = XCBuildConfiguration;
			buildSettings = {
				ALWAYS_SEARCH_USER_PATHS = NO;
				COMBINE_HIDPI_IMAGES = YES;
				COPY_PHASE_STRIP = NO;
				GCC_DYNAMIC_NO_PIC = NO;
				GCC_MODEL_TUNING = G5;
				GCC_OPTIMIZATION_LEVEL = 0;
				GCC_PRECOMPILE_PREFIX_HEADER = YES;
				GCC_PREFIX_HEADER = LetsMove_Prefix.pch;
				INFOPLIST_FILE = "LetsMove-Test-Info.plist";
				INSTALL_PATH = "$(HOME)/Applications";
				PRODUCT_BUNDLE_IDENTIFIER = "com.potionfactory.LetsMove-Test";
				PRODUCT_NAME = "LetsMove Test";
			};
			name = Debug;
		};
		C01FCF4C08A954540054247B /* Release */ = {
			isa = XCBuildConfiguration;
			buildSettings = {
				ALWAYS_SEARCH_USER_PATHS = NO;
				COMBINE_HIDPI_IMAGES = YES;
				DEBUG_INFORMATION_FORMAT = "dwarf-with-dsym";
				GCC_MODEL_TUNING = G5;
				GCC_PRECOMPILE_PREFIX_HEADER = YES;
				GCC_PREFIX_HEADER = LetsMove_Prefix.pch;
				INFOPLIST_FILE = "LetsMove-Test-Info.plist";
				INSTALL_PATH = "$(HOME)/Applications";
				PRODUCT_BUNDLE_IDENTIFIER = "com.potionfactory.LetsMove-Test";
				PRODUCT_NAME = "LetsMove Test";
			};
			name = Release;
		};
		C01FCF4F08A954540054247B /* Debug */ = {
			isa = XCBuildConfiguration;
			buildSettings = {
				"ARCHS[sdk=macosx10.4]" = "$(ARCHS_STANDARD_32_BIT)";
				CLANG_WARN_ASSIGN_ENUM = YES;
				CLANG_WARN_BOOL_CONVERSION = YES;
				CLANG_WARN_CONSTANT_CONVERSION = YES;
				CLANG_WARN_DEPRECATED_OBJC_IMPLEMENTATIONS = YES;
				CLANG_WARN_DOCUMENTATION_COMMENTS = YES;
				CLANG_WARN_EMPTY_BODY = YES;
				CLANG_WARN_ENUM_CONVERSION = YES;
				CLANG_WARN_IMPLICIT_SIGN_CONVERSION = YES;
				CLANG_WARN_INT_CONVERSION = YES;
				CLANG_WARN_NULLABLE_TO_NONNULL_CONVERSION = YES;
				CLANG_WARN_OBJC_EXPLICIT_OWNERSHIP_TYPE = YES;
				CLANG_WARN_OBJC_IMPLICIT_ATOMIC_PROPERTIES = YES;
				CLANG_WARN_OBJC_IMPLICIT_RETAIN_SELF = YES;
				CLANG_WARN_OBJC_MISSING_PROPERTY_SYNTHESIS = YES;
				CLANG_WARN_OBJC_REPEATED_USE_OF_WEAK = YES;
				CLANG_WARN_SUSPICIOUS_IMPLICIT_CONVERSION = YES;
				CLANG_WARN_UNREACHABLE_CODE = YES_AGGRESSIVE;
				CLANG_WARN__DUPLICATE_METHOD_MATCH = YES;
				ENABLE_TESTABILITY = YES;
				GCC_C_LANGUAGE_STANDARD = gnu99;
				GCC_OPTIMIZATION_LEVEL = 0;
				GCC_TREAT_IMPLICIT_FUNCTION_DECLARATIONS_AS_ERRORS = YES;
				GCC_TREAT_INCOMPATIBLE_POINTER_TYPE_WARNINGS_AS_ERRORS = YES;
				"GCC_VERSION[sdk=macosx10.4][arch=*]" = 4.0;
				GCC_WARN_64_TO_32_BIT_CONVERSION = YES;
				GCC_WARN_ABOUT_MISSING_FIELD_INITIALIZERS = YES;
				GCC_WARN_ABOUT_MISSING_NEWLINE = YES;
				GCC_WARN_ABOUT_MISSING_PROTOTYPES = YES;
				GCC_WARN_ABOUT_RETURN_TYPE = YES;
				GCC_WARN_FOUR_CHARACTER_CONSTANTS = YES;
				GCC_WARN_INITIALIZER_NOT_FULLY_BRACKETED = YES;
				GCC_WARN_PEDANTIC = YES;
				GCC_WARN_SHADOW = YES;
				GCC_WARN_SIGN_COMPARE = YES;
				GCC_WARN_STRICT_SELECTOR_MATCH = YES;
				GCC_WARN_UNDECLARED_SELECTOR = YES;
				GCC_WARN_UNINITIALIZED_AUTOS = YES_AGGRESSIVE;
				GCC_WARN_UNKNOWN_PRAGMAS = YES;
				GCC_WARN_UNUSED_FUNCTION = YES;
				GCC_WARN_UNUSED_LABEL = YES;
				GCC_WARN_UNUSED_PARAMETER = YES;
				GCC_WARN_UNUSED_VARIABLE = YES;
				MACOSX_DEPLOYMENT_TARGET = 10.5;
				"MACOSX_DEPLOYMENT_TARGET[arch=x86_64]" = 10.5;
				ONLY_ACTIVE_ARCH = YES;
			};
			name = Debug;
		};
		C01FCF5008A954540054247B /* Release */ = {
			isa = XCBuildConfiguration;
			buildSettings = {
				"ARCHS[sdk=macosx10.4]" = "$(ARCHS_STANDARD_32_BIT)";
				CLANG_WARN_ASSIGN_ENUM = YES;
				CLANG_WARN_BOOL_CONVERSION = YES;
				CLANG_WARN_CONSTANT_CONVERSION = YES;
				CLANG_WARN_DEPRECATED_OBJC_IMPLEMENTATIONS = YES;
				CLANG_WARN_DOCUMENTATION_COMMENTS = YES;
				CLANG_WARN_EMPTY_BODY = YES;
				CLANG_WARN_ENUM_CONVERSION = YES;
				CLANG_WARN_IMPLICIT_SIGN_CONVERSION = YES;
				CLANG_WARN_INT_CONVERSION = YES;
				CLANG_WARN_NULLABLE_TO_NONNULL_CONVERSION = YES;
				CLANG_WARN_OBJC_EXPLICIT_OWNERSHIP_TYPE = YES;
				CLANG_WARN_OBJC_IMPLICIT_ATOMIC_PROPERTIES = YES;
				CLANG_WARN_OBJC_IMPLICIT_RETAIN_SELF = YES;
				CLANG_WARN_OBJC_MISSING_PROPERTY_SYNTHESIS = YES;
				CLANG_WARN_OBJC_REPEATED_USE_OF_WEAK = YES;
				CLANG_WARN_SUSPICIOUS_IMPLICIT_CONVERSION = YES;
				CLANG_WARN_UNREACHABLE_CODE = YES_AGGRESSIVE;
				CLANG_WARN__DUPLICATE_METHOD_MATCH = YES;
				GCC_C_LANGUAGE_STANDARD = gnu99;
				GCC_TREAT_IMPLICIT_FUNCTION_DECLARATIONS_AS_ERRORS = YES;
				GCC_TREAT_INCOMPATIBLE_POINTER_TYPE_WARNINGS_AS_ERRORS = YES;
				"GCC_VERSION[sdk=macosx10.4][arch=*]" = 4.0;
				GCC_WARN_64_TO_32_BIT_CONVERSION = YES;
				GCC_WARN_ABOUT_MISSING_FIELD_INITIALIZERS = YES;
				GCC_WARN_ABOUT_MISSING_NEWLINE = YES;
				GCC_WARN_ABOUT_MISSING_PROTOTYPES = YES;
				GCC_WARN_ABOUT_RETURN_TYPE = YES;
				GCC_WARN_FOUR_CHARACTER_CONSTANTS = YES;
				GCC_WARN_INITIALIZER_NOT_FULLY_BRACKETED = YES;
				GCC_WARN_PEDANTIC = YES;
				GCC_WARN_SHADOW = YES;
				GCC_WARN_SIGN_COMPARE = YES;
				GCC_WARN_STRICT_SELECTOR_MATCH = YES;
				GCC_WARN_UNDECLARED_SELECTOR = YES;
				GCC_WARN_UNINITIALIZED_AUTOS = YES_AGGRESSIVE;
				GCC_WARN_UNKNOWN_PRAGMAS = YES;
				GCC_WARN_UNUSED_FUNCTION = YES;
				GCC_WARN_UNUSED_LABEL = YES;
				GCC_WARN_UNUSED_PARAMETER = YES;
				GCC_WARN_UNUSED_VARIABLE = YES;
				MACOSX_DEPLOYMENT_TARGET = 10.5;
				"MACOSX_DEPLOYMENT_TARGET[arch=x86_64]" = 10.5;
			};
			name = Release;
		};
		F146F82D1CE7094400233A9B /* Debug */ = {
			isa = XCBuildConfiguration;
			buildSettings = {
				ALWAYS_SEARCH_USER_PATHS = NO;
				CLANG_ANALYZER_NONNULL = YES;
				CLANG_CXX_LANGUAGE_STANDARD = "gnu++0x";
				CLANG_CXX_LIBRARY = "libc++";
				CLANG_ENABLE_MODULES = YES;
				CLANG_ENABLE_OBJC_ARC = NO;
				CLANG_MODULES_AUTOLINK = NO;
				CLANG_WARN_DIRECT_OBJC_ISA_USAGE = YES_ERROR;
				CLANG_WARN_OBJC_ROOT_CLASS = YES_ERROR;
				CLANG_WARN_UNREACHABLE_CODE = YES;
				CODE_SIGN_IDENTITY = "-";
				COMBINE_HIDPI_IMAGES = YES;
				COPY_PHASE_STRIP = NO;
				CURRENT_PROJECT_VERSION = 1.20;
				DEBUG_INFORMATION_FORMAT = dwarf;
				DEFINES_MODULE = YES;
				DYLIB_COMPATIBILITY_VERSION = 1.20;
				DYLIB_CURRENT_VERSION = 1.20;
				DYLIB_INSTALL_NAME_BASE = "@rpath";
				ENABLE_STRICT_OBJC_MSGSEND = YES;
				FRAMEWORK_VERSION = A;
				GCC_DYNAMIC_NO_PIC = NO;
				GCC_NO_COMMON_BLOCKS = YES;
				GCC_PREPROCESSOR_DEFINITIONS = (
					"DEBUG=1",
					"$(inherited)",
				);
				GCC_WARN_ABOUT_RETURN_TYPE = YES_ERROR;
				INFOPLIST_FILE = "LetsMove-Info.plist";
				INSTALL_PATH = "$(LOCAL_LIBRARY_DIR)/Frameworks";
				LD_RUNPATH_SEARCH_PATHS = "$(inherited) @executable_path/../Frameworks @loader_path/Frameworks";
				MACOSX_DEPLOYMENT_TARGET = 10.6;
				MODULEMAP_FILE = LetsMove.modulemap;
				MTL_ENABLE_DEBUG_INFO = YES;
				PRODUCT_BUNDLE_IDENTIFIER = com.potionfactory.LetsMove;
				PRODUCT_NAME = "$(TARGET_NAME)";
				SDKROOT = macosx;
				SKIP_INSTALL = YES;
				VERSIONING_SYSTEM = "apple-generic";
				VERSION_INFO_PREFIX = "";
			};
			name = Debug;
		};
		F146F82E1CE7094400233A9B /* Release */ = {
			isa = XCBuildConfiguration;
			buildSettings = {
				ALWAYS_SEARCH_USER_PATHS = NO;
				CLANG_ANALYZER_NONNULL = YES;
				CLANG_CXX_LANGUAGE_STANDARD = "gnu++0x";
				CLANG_CXX_LIBRARY = "libc++";
				CLANG_ENABLE_MODULES = YES;
				CLANG_ENABLE_OBJC_ARC = NO;
				CLANG_MODULES_AUTOLINK = NO;
				CLANG_WARN_DIRECT_OBJC_ISA_USAGE = YES_ERROR;
				CLANG_WARN_OBJC_ROOT_CLASS = YES_ERROR;
				CLANG_WARN_UNREACHABLE_CODE = YES;
				CODE_SIGN_IDENTITY = "-";
				COMBINE_HIDPI_IMAGES = YES;
				COPY_PHASE_STRIP = NO;
				CURRENT_PROJECT_VERSION = 1.20;
				DEBUG_INFORMATION_FORMAT = "dwarf-with-dsym";
				DEFINES_MODULE = YES;
				DYLIB_COMPATIBILITY_VERSION = 1.20;
				DYLIB_CURRENT_VERSION = 1.20;
				DYLIB_INSTALL_NAME_BASE = "@rpath";
				ENABLE_NS_ASSERTIONS = NO;
				ENABLE_STRICT_OBJC_MSGSEND = YES;
				FRAMEWORK_VERSION = A;
				GCC_NO_COMMON_BLOCKS = YES;
				GCC_WARN_ABOUT_RETURN_TYPE = YES_ERROR;
				INFOPLIST_FILE = "LetsMove-Info.plist";
				INSTALL_PATH = "$(LOCAL_LIBRARY_DIR)/Frameworks";
				LD_RUNPATH_SEARCH_PATHS = "$(inherited) @executable_path/../Frameworks @loader_path/Frameworks";
				MACOSX_DEPLOYMENT_TARGET = 10.6;
				MODULEMAP_FILE = LetsMove.modulemap;
				MTL_ENABLE_DEBUG_INFO = NO;
				PRODUCT_BUNDLE_IDENTIFIER = com.potionfactory.LetsMove;
				PRODUCT_NAME = "$(TARGET_NAME)";
				SDKROOT = macosx;
				SKIP_INSTALL = YES;
				VERSIONING_SYSTEM = "apple-generic";
				VERSION_INFO_PREFIX = "";
			};
			name = Release;
		};
/* End XCBuildConfiguration section */

/* Begin XCConfigurationList section */
		C01FCF4A08A954540054247B /* Build configuration list for PBXNativeTarget "LetsMove Test" */ = {
			isa = XCConfigurationList;
			buildConfigurations = (
				C01FCF4B08A954540054247B /* Debug */,
				C01FCF4C08A954540054247B /* Release */,
			);
			defaultConfigurationIsVisible = 0;
			defaultConfigurationName = Release;
		};
		C01FCF4E08A954540054247B /* Build configuration list for PBXProject "LetsMove" */ = {
			isa = XCConfigurationList;
			buildConfigurations = (
				C01FCF4F08A954540054247B /* Debug */,
				C01FCF5008A954540054247B /* Release */,
			);
			defaultConfigurationIsVisible = 0;
			defaultConfigurationName = Release;
		};
		F146F82C1CE7094400233A9B /* Build configuration list for PBXNativeTarget "LetsMove" */ = {
			isa = XCConfigurationList;
			buildConfigurations = (
				F146F82D1CE7094400233A9B /* Debug */,
				F146F82E1CE7094400233A9B /* Release */,
			);
			defaultConfigurationIsVisible = 0;
			defaultConfigurationName = Release;
		};
/* End XCConfigurationList section */
	};
	rootObject = 29B97313FDCFA39411CA2CEA /* Project object */;
}
